
Microsoft Visual Studio Solution File, Format Version 12.00
# Visual Studio Version 17
VisualStudioVersion = 17.9.34728.123
MinimumVisualStudioVersion = 10.0.40219.1
Project("{9A19103F-16F7-4668-BE54-9A1E7A4F7556}") = "FriendStorage.UI", "FriendStorage.UI\FriendStorage.UI.csproj", "{4DD026DE-3C17-40AD-B43B-28D1E7814C8B}"
EndProject
Project("{9A19103F-16F7-4668-BE54-9A1E7A4F7556}") = "FriendStorage.Model", "FriendStorage.Model\FriendStorage.Model.csproj", "{5DE7E7B1-34E6-4C9B-B756-3421C37C690D}"
EndProject
Project("{FAE04EC0-301F-11D3-BF4B-00C04F79EFBC}") = "FriendStorage.UITest", "FriendStorage.UITest\FriendStorage.UITest.csproj", "{319B9088-4305-4469-8BA4-C8EED5C2B299}"
EndProject
Global
	GlobalSection(SolutionConfigurationPlatforms) = preSolution
		Debug|Any CPU = Debug|Any CPU
		Release|Any CPU = Release|Any CPU
	EndGlobalSection
	GlobalSection(ProjectConfigurationPlatforms) = postSolution
		{4DD026DE-3C17-40AD-B43B-28D1E7814C8B}.Debug|Any CPU.ActiveCfg = Debug|Any CPU
		{4DD026DE-3C17-40AD-B43B-28D1E7814C8B}.Debug|Any CPU.Build.0 = Debug|Any CPU
		{4DD026DE-3C17-40AD-B43B-28D1E7814C8B}.Release|Any CPU.ActiveCfg = Release|Any CPU
		{4DD026DE-3C17-40AD-B43B-28D1E7814C8B}.Release|Any CPU.Build.0 = Release|Any CPU
		{5DE7E7B1-34E6-4C9B-B756-3421C37C690D}.Debug|Any CPU.ActiveCfg = Debug|Any CPU
		{5DE7E7B1-34E6-4C9B-B756-3421C37C690D}.Debug|Any CPU.Build.0 = Debug|Any CPU
		{5DE7E7B1-34E6-4C9B-B756-3421C37C690D}.Release|Any CPU.ActiveCfg = Release|Any CPU
		{5DE7E7B1-34E6-4C9B-B756-3421C37C690D}.Release|Any CPU.Build.0 = Release|Any CPU
		{319B9088-4305-4469-8BA4-C8EED5C2B299}.Debug|Any CPU.ActiveCfg = Debug|Any CPU
		{319B9088-4305-4469-8BA4-C8EED5C2B299}.Debug|Any CPU.Build.0 = Debug|Any CPU
		{319B9088-4305-4469-8BA4-C8EED5C2B299}.Release|Any CPU.ActiveCfg = Release|Any CPU
		{319B9088-4305-4469-8BA4-C8EED5C2B299}.Release|Any CPU.Build.0 = Release|Any CPU
	EndGlobalSection
	GlobalSection(SolutionProperties) = preSolution
		HideSolutionNode = FALSE
	EndGlobalSection
	GlobalSection(ExtensibilityGlobals) = postSolution
		SolutionGuid = {AEF7E49D-F0B3-4607-B243-9501AB9BF044}
	EndGlobalSection
EndGlobal
